{"filter":false,"title":"Gemfile.lock","tooltip":"/Gemfile.lock","undoManager":{"mark":2,"position":2,"stack":[[{"start":{"row":222,"column":9},"end":{"row":222,"column":21},"action":"insert","lines":[" (~> 1.3.13)"],"id":2,"ignore":true}],[{"start":{"row":222,"column":17},"end":{"row":222,"column":20},"action":"remove","lines":[".13"],"id":3,"ignore":true},{"start":{"row":222,"column":17},"end":{"row":222,"column":28},"action":"insert","lines":[", >= 1.3.11"]}],[{"start":{"row":222,"column":17},"end":{"row":222,"column":28},"action":"remove","lines":[", >= 1.3.11"],"id":4,"ignore":true},{"start":{"row":222,"column":17},"end":{"row":222,"column":20},"action":"insert","lines":[".13"]}]]},"ace":{"folds":[],"scrolltop":2867,"scrollleft":0,"selection":{"start":{"row":177,"column":13},"end":{"row":177,"column":19},"isBackwards":true},"options":{"guessTabSize":true,"useWrapMode":false,"wrapToView":true},"firstLineState":{"row":167,"state":"start","mode":"ace/mode/text"}},"timestamp":1519585312678,"hash":"2833eac1c6e553a36ae9f0cd51a52da43879d1b0"}