{"filter":false,"title":"Gemfile.lock","tooltip":"/Gemfile.lock","undoManager":{"mark":-1,"position":-1,"stack":[]},"ace":{"folds":[],"scrolltop":2867,"scrollleft":0,"selection":{"start":{"row":177,"column":13},"end":{"row":177,"column":19},"isBackwards":true},"options":{"guessTabSize":true,"useWrapMode":false,"wrapToView":true},"firstLineState":{"row":34,"state":"start","mode":"ace/mode/text"}},"timestamp":1519585312678,"hash":"79eee66ff9e8dc327126cb1160eb8334c4a6ff59"}